{
    "version": 3,
    "terraform_version": "0.11.0",
    "serial": 3,
    "lineage": "43138892-f0d3-493e-bb2b-45bb0eb61ae7",
    "modules": [
        {
            "path": [
                "root"
            ],
            "outputs": {},
            "resources": {},
            "depends_on": []
        },
        {
            "path": [
                "root",
                "temp01"
            ],
            "outputs": {
                "id": {
                    "sensitive": false,
                    "type": "string",
                    "value": "743ced3a-4b4c-4992-8fa3-103f53314c61"
                }
            },
            "resources": {
                "ovirt_vm.vm": {
                    "type": "ovirt_vm",
                    "depends_on": [],
                    "primary": {
                        "id": "743ced3a-4b4c-4992-8fa3-103f53314c61",
                        "attributes": {
                            "auto_start": "true",
                            "clone": "false",
                            "cluster_id": "8df74068-d2df-11eb-8494-00163e4b6332",
                            "cores": "2",
                            "high_availability": "true",
                            "id": "743ced3a-4b4c-4992-8fa3-103f53314c61",
                            "initialization.#": "1",
                            "initialization.0.authorized_ssh_key": "",
                            "initialization.0.custom_script": "",
                            "initialization.0.dns_search": "example.com",
                            "initialization.0.dns_servers": "8.8.8.8",
                            "initialization.0.host_name": "temp01.example.com",
                            "initialization.0.nic_configuration.#": "1",
                            "initialization.0.nic_configuration.0.address": "10.82.3.68",
                            "initialization.0.nic_configuration.0.boot_proto": "static",
                            "initialization.0.nic_configuration.0.gateway": "10.82.1.250",
                            "initialization.0.nic_configuration.0.label": "eth0",
                            "initialization.0.nic_configuration.0.netmask": "255.255.0.0",
                            "initialization.0.nic_configuration.0.on_boot": "true",
                            "initialization.0.timezone": "Asia/Karachi",
                            "initialization.0.user_name": "",
                            "maximum_memory": "16384",
                            "memory": "4096",
                            "name": "temp01",
                            "os.#": "1",
                            "os.0.type": "other",
                            "sockets": "1",
                            "status": "up",
                            "template_id": "55d08497-a7ed-4b95-9e82-47033269f3a4",
                            "threads": "1"
                        },
                        "meta": {
                            "e2bfb730-ecaa-11e6-8f88-34363bc7c4c0": {
                                "create": 600000000000,
                                "delete": 600000000000,
                                "update": 600000000000
                            }
                        },
                        "tainted": false
                    },
                    "deposed": [],
                    "provider": "provider.ovirt"
                }
            },
            "depends_on": []
        }
    ]
}
